{
  "version": 4,
  "terraform_version": "1.3.7",
  "serial": 398,
  "lineage": "35c366bd-e85d-452e-01fc-0744a9fe3bf3",
  "outputs": {
    "Windows_dns": {
      "value": "sahil-win-dns",
      "type": "string"
    },
    "Windows_hostname": {
      "value": "sahil-win-vm",
      "type": "string"
    },
    "Windows_private_ip_address": {
      "value": "10.0.1.6",
      "type": "string"
    },
    "Windows_public_ip_addresses": {
      "value": "20.169.190.134",
      "type": "string"
    },
    "la_workspace_name": {
      "value": "sahil-law",
      "type": "string"
    },
    "linux_datadisk1_ids": {
      "value": [
        "/subscriptions/dfbc44eb-f4ee-4bb1-952a-f94f1edcd71d/resourceGroups/n01498358-assignment1-RG/providers/Microsoft.Compute/disks/linux-vm1-datadisk1",
        "/subscriptions/dfbc44eb-f4ee-4bb1-952a-f94f1edcd71d/resourceGroups/n01498358-assignment1-RG/providers/Microsoft.Compute/disks/linux-vm2-datadisk1"
      ],
      "type": [
        "tuple",
        [
          "string",
          "string"
        ]
      ]
    },
    "loadbalancer_name": {
      "value": "basic-loadbalancer",
      "type": "string"
    },
    "loadbalancer_public_ip_address": {
      "value": "20.169.143.42",
      "type": "string"
    },
    "network_address_space": {
      "value": "10.0.0.0/16",
      "type": "string"
    },
    "network_name": {
      "value": "sahil_vnet_name",
      "type": "string"
    },
    "nsg1_id": {
      "value": "/subscriptions/dfbc44eb-f4ee-4bb1-952a-f94f1edcd71d/resourceGroups/n01498358-assignment1-RG/providers/Microsoft.Network/networkSecurityGroups/sahil_nsg_name",
      "type": "string"
    },
    "nsg_name": {
      "value": "sahil_nsg_name",
      "type": "string"
    },
    "postgresql_server_name": {
      "value": "n01498358-postgres-server",
      "type": "string"
    },
    "primary_blob_endpoint": {
      "value": "https://n01498358storage.blob.core.windows.net/",
      "type": "string"
    },
    "recovery_vault_name": {
      "value": "sahil-recovery-vault",
      "type": "string"
    },
    "resource_group_name": {
      "value": "n01498358-assignment1-RG",
      "type": "string"
    },
    "storage_account_name": {
      "value": "n01498358storage",
      "type": "string"
    },
    "subnet1_address_space": {
      "value": [
        "10.0.1.0/24"
      ],
      "type": [
        "list",
        "string"
      ]
    },
    "subnet1_id": {
      "value": "/subscriptions/dfbc44eb-f4ee-4bb1-952a-f94f1edcd71d/resourceGroups/n01498358-assignment1-RG/providers/Microsoft.Network/virtualNetworks/sahil_vnet_name/subnets/sahil_subnet_name",
      "type": "string"
    },
    "subnet_name": {
      "value": "sahil_subnet_name",
      "type": "string"
    },
    "vm1_hostname": {
      "value": "sahil-linux-vm1",
      "type": "string"
    },
    "vm1_private_ip": {
      "value": "10.0.1.4",
      "type": "string"
    },
    "vm1_public_ip": {
      "value": "172.174.64.184",
      "type": "string"
    },
    "vm2_hostname": {
      "value": "sahil-linux-vm1-2",
      "type": "string"
    },
    "vm2_private_ip": {
      "value": "10.0.1.5",
      "type": "string"
    },
    "vm2_public_ip": {
      "value": "20.120.0.82",
      "type": "string"
    },
    "windows_datadisk1_id": {
      "value": "/subscriptions/dfbc44eb-f4ee-4bb1-952a-f94f1edcd71d/resourceGroups/n01498358-assignment1-RG/providers/Microsoft.Compute/disks/windows-vm-datadisk1",
      "type": "string"
    }
  },
  "resources": [
    {
      "mode": "managed",
      "type": "azurerm_virtual_machine_extension",
      "name": "network_watcher_vm1",
      "provider": "provider[\"registry.terraform.io/hashicorp/azurerm\"]",
      "instances": [
        {
          "schema_version": 0,
          "attributes": {
            "auto_upgrade_minor_version": false,
            "automatic_upgrade_enabled": false,
            "failure_suppression_enabled": false,
            "id": "/subscriptions/dfbc44eb-f4ee-4bb1-952a-f94f1edcd71d/resourceGroups/n01498358-assignment1-RG/providers/Microsoft.Compute/virtualMachines/sahil-linux-vm1/extensions/NetworkWatcherAgentLinux",
            "name": "NetworkWatcherAgentLinux",
            "protected_settings": null,
            "protected_settings_from_key_vault": [],
            "publisher": "Microsoft.Azure.NetworkWatcher",
            "settings": null,
            "tags": {},
            "timeouts": null,
            "type": "NetworkWatcherAgentLinux",
            "type_handler_version": "1.4",
            "virtual_machine_id": "/subscriptions/dfbc44eb-f4ee-4bb1-952a-f94f1edcd71d/resourceGroups/n01498358-assignment1-RG/providers/Microsoft.Compute/virtualMachines/sahil-linux-vm1"
          },
          "sensitive_attributes": [],
          "private": "eyJlMmJmYjczMC1lY2FhLTExZTYtOGY4OC0zNDM2M2JjN2M0YzAiOnsiY3JlYXRlIjoxODAwMDAwMDAwMDAwLCJkZWxldGUiOjE4MDAwMDAwMDAwMDAsInJlYWQiOjMwMDAwMDAwMDAwMCwidXBkYXRlIjoxODAwMDAwMDAwMDAwfX0=",
          "dependencies": [
            "module.network.azurerm_subnet.subnet-1",
            "module.network.azurerm_virtual_network.network",
            "module.rgroup.azurerm_resource_group.rgroup",
            "module.vmlinux.azurerm_availability_set.avail_set",
            "module.vmlinux.azurerm_linux_virtual_machine.vm",
            "module.vmlinux.azurerm_network_interface.nic",
            "module.vmlinux.azurerm_public_ip.public_ip"
          ]
        }
      ]
    },
    {
      "mode": "managed",
      "type": "azurerm_virtual_machine_extension",
      "name": "network_watcher_vm2",
      "provider": "provider[\"registry.terraform.io/hashicorp/azurerm\"]",
      "instances": [
        {
          "schema_version": 0,
          "attributes": {
            "auto_upgrade_minor_version": false,
            "automatic_upgrade_enabled": false,
            "failure_suppression_enabled": false,
            "id": "/subscriptions/dfbc44eb-f4ee-4bb1-952a-f94f1edcd71d/resourceGroups/n01498358-assignment1-RG/providers/Microsoft.Compute/virtualMachines/sahil-linux-vm1-2/extensions/NetworkWatcherAgentLinux",
            "name": "NetworkWatcherAgentLinux",
            "protected_settings": null,
            "protected_settings_from_key_vault": [],
            "publisher": "Microsoft.Azure.NetworkWatcher",
            "settings": null,
            "tags": {},
            "timeouts": null,
            "type": "NetworkWatcherAgentLinux",
            "type_handler_version": "1.4",
            "virtual_machine_id": "/subscriptions/dfbc44eb-f4ee-4bb1-952a-f94f1edcd71d/resourceGroups/n01498358-assignment1-RG/providers/Microsoft.Compute/virtualMachines/sahil-linux-vm1-2"
          },
          "sensitive_attributes": [],
          "private": "eyJlMmJmYjczMC1lY2FhLTExZTYtOGY4OC0zNDM2M2JjN2M0YzAiOnsiY3JlYXRlIjoxODAwMDAwMDAwMDAwLCJkZWxldGUiOjE4MDAwMDAwMDAwMDAsInJlYWQiOjMwMDAwMDAwMDAwMCwidXBkYXRlIjoxODAwMDAwMDAwMDAwfX0=",
          "dependencies": [
            "module.network.azurerm_subnet.subnet-1",
            "module.network.azurerm_virtual_network.network",
            "module.rgroup.azurerm_resource_group.rgroup",
            "module.vmlinux.azurerm_availability_set.avail_set",
            "module.vmlinux.azurerm_linux_virtual_machine.vm2",
            "module.vmlinux.azurerm_network_interface.nic2",
            "module.vmlinux.azurerm_public_ip.public_ip2"
          ]
        }
      ]
    },
    {
      "module": "module.common",
      "mode": "managed",
      "type": "azurerm_log_analytics_workspace",
      "name": "la_workspace",
      "provider": "provider[\"registry.terraform.io/hashicorp/azurerm\"]",
      "instances": [
        {
          "schema_version": 3,
          "attributes": {
            "allow_resource_only_permissions": true,
            "cmk_for_query_forced": false,
            "daily_quota_gb": -1,
            "id": "/subscriptions/dfbc44eb-f4ee-4bb1-952a-f94f1edcd71d/resourceGroups/n01498358-assignment1-RG/providers/Microsoft.OperationalInsights/workspaces/sahil-law",
            "internet_ingestion_enabled": true,
            "internet_query_enabled": true,
            "local_authentication_disabled": false,
            "location": "eastus",
            "name": "sahil-law",
            "primary_shared_key": "7mvEYM9HrppYd7GwJ9YWyG72evB7gA+Ps4DSMcRfb5WfSMTfYS/4U0QZR1io1nfwAmQ4c+TB7Mh8yuEhVipwaQ==",
            "reservation_capacity_in_gb_per_day": null,
            "resource_group_name": "n01498358-assignment1-RG",
            "retention_in_days": 30,
            "secondary_shared_key": "IMk1xGRlq8CTQNqBvIQvq7UHcgl1aayA9tXiQhnWiw4vcbjO7QEHN7qrtIyupY5ebWXMIDC4KMKraSnSI2OnfA==",
            "sku": "PerGB2018",
            "tags": {
              "Environment": "Lab",
              "ExpirationDate": "2023-06-30",
              "Name": "sahil.solanki",
              "Project": "Automation Project – Assignment 1"
            },
            "timeouts": null,
            "workspace_id": "94839f69-c46c-4b1a-8b03-223ecd2d2869"
          },
          "sensitive_attributes": [],
          "private": "eyJlMmJmYjczMC1lY2FhLTExZTYtOGY4OC0zNDM2M2JjN2M0YzAiOnsiY3JlYXRlIjoxODAwMDAwMDAwMDAwLCJkZWxldGUiOjE4MDAwMDAwMDAwMDAsInJlYWQiOjMwMDAwMDAwMDAwMCwidXBkYXRlIjoxODAwMDAwMDAwMDAwfSwic2NoZW1hX3ZlcnNpb24iOiIzIn0=",
          "dependencies": [
            "module.rgroup.azurerm_resource_group.rgroup"
          ]
        }
      ]
    },
    {
      "module": "module.common",
      "mode": "managed",
      "type": "azurerm_recovery_services_vault",
      "name": "recovery_vault",
      "provider": "provider[\"registry.terraform.io/hashicorp/azurerm\"]",
      "instances": [
        {
          "schema_version": 0,
          "attributes": {
            "classic_vmware_replication_enabled": null,
            "cross_region_restore_enabled": false,
            "encryption": [],
            "id": "/subscriptions/dfbc44eb-f4ee-4bb1-952a-f94f1edcd71d/resourceGroups/n01498358-assignment1-RG/providers/Microsoft.RecoveryServices/vaults/sahil-recovery-vault",
            "identity": [],
            "immutability": null,
            "location": "eastus",
            "name": "sahil-recovery-vault",
            "public_network_access_enabled": true,
            "resource_group_name": "n01498358-assignment1-RG",
            "sku": "Standard",
            "soft_delete_enabled": true,
            "storage_mode_type": "GeoRedundant",
            "tags": {
              "Environment": "Lab",
              "ExpirationDate": "2023-06-30",
              "Name": "sahil.solanki",
              "Project": "Automation Project – Assignment 1"
            },
            "timeouts": null
          },
          "sensitive_attributes": [],
          "private": "eyJlMmJmYjczMC1lY2FhLTExZTYtOGY4OC0zNDM2M2JjN2M0YzAiOnsiY3JlYXRlIjo3MjAwMDAwMDAwMDAwLCJkZWxldGUiOjE4MDAwMDAwMDAwMDAsInJlYWQiOjMwMDAwMDAwMDAwMCwidXBkYXRlIjozNjAwMDAwMDAwMDAwfX0=",
          "dependencies": [
            "module.rgroup.azurerm_resource_group.rgroup"
          ]
        }
      ]
    },
    {
      "module": "module.common",
      "mode": "managed",
      "type": "azurerm_storage_account",
      "name": "storage_account",
      "provider": "provider[\"registry.terraform.io/hashicorp/azurerm\"]",
      "instances": [
        {
          "schema_version": 3,
          "attributes": {
            "access_tier": "Hot",
            "account_kind": "StorageV2",
            "account_replication_type": "LRS",
            "account_tier": "Standard",
            "allow_nested_items_to_be_public": true,
            "allowed_copy_scope": "",
            "azure_files_authentication": [],
            "blob_properties": [
              {
                "change_feed_enabled": false,
                "change_feed_retention_in_days": 0,
                "container_delete_retention_policy": [],
                "cors_rule": [],
                "default_service_version": "",
                "delete_retention_policy": [],
                "last_access_time_enabled": false,
                "restore_policy": [],
                "versioning_enabled": false
              }
            ],
            "cross_tenant_replication_enabled": true,
            "custom_domain": [],
            "customer_managed_key": [],
            "default_to_oauth_authentication": false,
            "edge_zone": "",
            "enable_https_traffic_only": true,
            "id": "/subscriptions/dfbc44eb-f4ee-4bb1-952a-f94f1edcd71d/resourceGroups/n01498358-assignment1-RG/providers/Microsoft.Storage/storageAccounts/n01498358storage",
            "identity": [],
            "immutability_policy": [],
            "infrastructure_encryption_enabled": false,
            "is_hns_enabled": false,
            "large_file_share_enabled": null,
            "location": "eastus",
            "min_tls_version": "TLS1_2",
            "name": "n01498358storage",
            "network_rules": [
              {
                "bypass": [
                  "AzureServices"
                ],
                "default_action": "Allow",
                "ip_rules": [],
                "private_link_access": [],
                "virtual_network_subnet_ids": []
              }
            ],
            "nfsv3_enabled": false,
            "primary_access_key": "EzsNUA6j1s1gH6g03NOqq2+N9aad23jKEi9UI7dSKDmIaXW39HzgblbHz2i9aY2PYpdXuDxnSoR0+AStphXmEw==",
            "primary_blob_connection_string": "DefaultEndpointsProtocol=https;BlobEndpoint=https://n01498358storage.blob.core.windows.net/;AccountName=n01498358storage;AccountKey=EzsNUA6j1s1gH6g03NOqq2+N9aad23jKEi9UI7dSKDmIaXW39HzgblbHz2i9aY2PYpdXuDxnSoR0+AStphXmEw==",
            "primary_blob_endpoint": "https://n01498358storage.blob.core.windows.net/",
            "primary_blob_host": "n01498358storage.blob.core.windows.net",
            "primary_connection_string": "DefaultEndpointsProtocol=https;AccountName=n01498358storage;AccountKey=EzsNUA6j1s1gH6g03NOqq2+N9aad23jKEi9UI7dSKDmIaXW39HzgblbHz2i9aY2PYpdXuDxnSoR0+AStphXmEw==;EndpointSuffix=core.windows.net",
            "primary_dfs_endpoint": "https://n01498358storage.dfs.core.windows.net/",
            "primary_dfs_host": "n01498358storage.dfs.core.windows.net",
            "primary_file_endpoint": "https://n01498358storage.file.core.windows.net/",
            "primary_file_host": "n01498358storage.file.core.windows.net",
            "primary_location": "eastus",
            "primary_queue_endpoint": "https://n01498358storage.queue.core.windows.net/",
            "primary_queue_host": "n01498358storage.queue.core.windows.net",
            "primary_table_endpoint": "https://n01498358storage.table.core.windows.net/",
            "primary_table_host": "n01498358storage.table.core.windows.net",
            "primary_web_endpoint": "https://n01498358storage.z13.web.core.windows.net/",
            "primary_web_host": "n01498358storage.z13.web.core.windows.net",
            "public_network_access_enabled": true,
            "queue_encryption_key_type": "Service",
            "queue_properties": [
              {
                "cors_rule": [],
                "hour_metrics": [
                  {
                    "enabled": true,
                    "include_apis": true,
                    "retention_policy_days": 7,
                    "version": "1.0"
                  }
                ],
                "logging": [
                  {
                    "delete": false,
                    "read": false,
                    "retention_policy_days": 0,
                    "version": "1.0",
                    "write": false
                  }
                ],
                "minute_metrics": [
                  {
                    "enabled": false,
                    "include_apis": false,
                    "retention_policy_days": 0,
                    "version": "1.0"
                  }
                ]
              }
            ],
            "resource_group_name": "n01498358-assignment1-RG",
            "routing": [],
            "sas_policy": [],
            "secondary_access_key": "lunwjI6Ey0j9A6kMelzoB94LoIE8Sv1vPFibzDZzMdWrTOOdiiofCwCfsCL1P0HghHfn8cfrLkRY+AStd4+1AA==",
            "secondary_blob_connection_string": "",
            "secondary_blob_endpoint": null,
            "secondary_blob_host": null,
            "secondary_connection_string": "DefaultEndpointsProtocol=https;AccountName=n01498358storage;AccountKey=lunwjI6Ey0j9A6kMelzoB94LoIE8Sv1vPFibzDZzMdWrTOOdiiofCwCfsCL1P0HghHfn8cfrLkRY+AStd4+1AA==;EndpointSuffix=core.windows.net",
            "secondary_dfs_endpoint": null,
            "secondary_dfs_host": null,
            "secondary_file_endpoint": null,
            "secondary_file_host": null,
            "secondary_location": "",
            "secondary_queue_endpoint": null,
            "secondary_queue_host": null,
            "secondary_table_endpoint": null,
            "secondary_table_host": null,
            "secondary_web_endpoint": null,
            "secondary_web_host": null,
            "sftp_enabled": false,
            "share_properties": [
              {
                "cors_rule": [],
                "retention_policy": [
                  {
                    "days": 7
                  }
                ],
                "smb": []
              }
            ],
            "shared_access_key_enabled": true,
            "static_website": [],
            "table_encryption_key_type": "Service",
            "tags": {
              "Environment": "Lab",
              "ExpirationDate": "2023-06-30",
              "Name": "sahil.solanki",
              "Project": "Automation Project – Assignment 1"
            },
            "timeouts": null
          },
          "sensitive_attributes": [],
          "private": "eyJlMmJmYjczMC1lY2FhLTExZTYtOGY4OC0zNDM2M2JjN2M0YzAiOnsiY3JlYXRlIjozNjAwMDAwMDAwMDAwLCJkZWxldGUiOjM2MDAwMDAwMDAwMDAsInJlYWQiOjMwMDAwMDAwMDAwMCwidXBkYXRlIjozNjAwMDAwMDAwMDAwfSwic2NoZW1hX3ZlcnNpb24iOiIzIn0=",
          "dependencies": [
            "module.rgroup.azurerm_resource_group.rgroup"
          ]
        }
      ]
    },
    {
      "module": "module.database",
      "mode": "managed",
      "type": "azurerm_postgresql_database",
      "name": "database",
      "provider": "provider[\"registry.terraform.io/hashicorp/azurerm\"]",
      "instances": [
        {
          "schema_version": 1,
          "attributes": {
            "charset": "UTF8",
            "collation": "English_United States.1252",
            "id": "/subscriptions/dfbc44eb-f4ee-4bb1-952a-f94f1edcd71d/resourceGroups/n01498358-assignment1-RG/providers/Microsoft.DBforPostgreSQL/servers/n01498358-postgres-server/databases/n01498358-postgres-server_db",
            "name": "n01498358-postgres-server_db",
            "resource_group_name": "n01498358-assignment1-RG",
            "server_name": "n01498358-postgres-server",
            "timeouts": null
          },
          "sensitive_attributes": [],
          "private": "eyJlMmJmYjczMC1lY2FhLTExZTYtOGY4OC0zNDM2M2JjN2M0YzAiOnsiY3JlYXRlIjozNjAwMDAwMDAwMDAwLCJkZWxldGUiOjM2MDAwMDAwMDAwMDAsInJlYWQiOjMwMDAwMDAwMDAwMCwidXBkYXRlIjozNjAwMDAwMDAwMDAwfSwic2NoZW1hX3ZlcnNpb24iOiIxIn0=",
          "dependencies": [
            "module.database.azurerm_postgresql_server.postgresql_server"
          ]
        }
      ]
    },
    {
      "module": "module.database",
      "mode": "managed",
      "type": "azurerm_postgresql_server",
      "name": "postgresql_server",
      "provider": "provider[\"registry.terraform.io/hashicorp/azurerm\"]",
      "instances": [
        {
          "schema_version": 1,
          "attributes": {
            "administrator_login": "adminuser",
            "administrator_login_password": "P@ssw0rd1234!",
            "auto_grow_enabled": true,
            "backup_retention_days": 7,
            "create_mode": "Default",
            "creation_source_server_id": null,
            "fqdn": "n01498358-postgres-server.postgres.database.azure.com",
            "geo_redundant_backup_enabled": false,
            "id": "/subscriptions/dfbc44eb-f4ee-4bb1-952a-f94f1edcd71d/resourceGroups/n01498358-assignment1-RG/providers/Microsoft.DBforPostgreSQL/servers/n01498358-postgres-server",
            "identity": [],
            "infrastructure_encryption_enabled": false,
            "location": "eastus",
            "name": "n01498358-postgres-server",
            "public_network_access_enabled": true,
            "resource_group_name": "n01498358-assignment1-RG",
            "restore_point_in_time": null,
            "sku_name": "GP_Gen5_2",
            "ssl_enforcement_enabled": true,
            "ssl_minimal_tls_version_enforced": "TLS1_2",
            "storage_mb": 5120,
            "tags": {
              "Environment": "Lab",
              "ExpirationDate": "2023-06-30",
              "Name": "sahil.solanki",
              "Project": "Automation Project – Assignment 1"
            },
            "threat_detection_policy": [],
            "timeouts": null,
            "version": "11"
          },
          "sensitive_attributes": [],
          "private": "eyJlMmJmYjczMC1lY2FhLTExZTYtOGY4OC0zNDM2M2JjN2M0YzAiOnsiY3JlYXRlIjozNjAwMDAwMDAwMDAwLCJkZWxldGUiOjM2MDAwMDAwMDAwMDAsInJlYWQiOjMwMDAwMDAwMDAwMCwidXBkYXRlIjozNjAwMDAwMDAwMDAwfSwic2NoZW1hX3ZlcnNpb24iOiIxIn0="
        }
      ]
    },
    {
      "module": "module.datadisk",
      "mode": "managed",
      "type": "azurerm_managed_disk",
      "name": "linux_disk1",
      "provider": "provider[\"registry.terraform.io/hashicorp/azurerm\"]",
      "instances": [
        {
          "index_key": 0,
          "schema_version": 1,
          "attributes": {
            "create_option": "Empty",
            "disk_access_id": "",
            "disk_encryption_set_id": "",
            "disk_iops_read_only": 0,
            "disk_iops_read_write": 500,
            "disk_mbps_read_only": 0,
            "disk_mbps_read_write": 60,
            "disk_size_gb": 10,
            "edge_zone": "",
            "encryption_settings": [],
            "gallery_image_reference_id": "",
            "hyper_v_generation": "",
            "id": "/subscriptions/dfbc44eb-f4ee-4bb1-952a-f94f1edcd71d/resourceGroups/n01498358-assignment1-RG/providers/Microsoft.Compute/disks/linux-vm1-datadisk1",
            "image_reference_id": "",
            "location": "eastus",
            "logical_sector_size": null,
            "max_shares": 0,
            "name": "linux-vm1-datadisk1",
            "network_access_policy": null,
            "on_demand_bursting_enabled": false,
            "os_type": "",
            "public_network_access_enabled": true,
            "resource_group_name": "n01498358-assignment1-RG",
            "secure_vm_disk_encryption_set_id": "",
            "security_type": "",
            "source_resource_id": "",
            "source_uri": "",
            "storage_account_id": "",
            "storage_account_type": "Standard_LRS",
            "tags": {},
            "tier": "",
            "timeouts": null,
            "trusted_launch_enabled": false,
            "upload_size_bytes": 0,
            "zone": ""
          },
          "sensitive_attributes": [],
          "private": "eyJlMmJmYjczMC1lY2FhLTExZTYtOGY4OC0zNDM2M2JjN2M0YzAiOnsiY3JlYXRlIjoxODAwMDAwMDAwMDAwLCJkZWxldGUiOjE4MDAwMDAwMDAwMDAsInJlYWQiOjMwMDAwMDAwMDAwMCwidXBkYXRlIjoxODAwMDAwMDAwMDAwfSwic2NoZW1hX3ZlcnNpb24iOiIxIn0="
        },
        {
          "index_key": 1,
          "schema_version": 1,
          "attributes": {
            "create_option": "Empty",
            "disk_access_id": "",
            "disk_encryption_set_id": "",
            "disk_iops_read_only": 0,
            "disk_iops_read_write": 500,
            "disk_mbps_read_only": 0,
            "disk_mbps_read_write": 60,
            "disk_size_gb": 10,
            "edge_zone": "",
            "encryption_settings": [],
            "gallery_image_reference_id": "",
            "hyper_v_generation": "",
            "id": "/subscriptions/dfbc44eb-f4ee-4bb1-952a-f94f1edcd71d/resourceGroups/n01498358-assignment1-RG/providers/Microsoft.Compute/disks/linux-vm2-datadisk1",
            "image_reference_id": "",
            "location": "eastus",
            "logical_sector_size": null,
            "max_shares": 0,
            "name": "linux-vm2-datadisk1",
            "network_access_policy": null,
            "on_demand_bursting_enabled": false,
            "os_type": "",
            "public_network_access_enabled": true,
            "resource_group_name": "n01498358-assignment1-RG",
            "secure_vm_disk_encryption_set_id": "",
            "security_type": "",
            "source_resource_id": "",
            "source_uri": "",
            "storage_account_id": "",
            "storage_account_type": "Standard_LRS",
            "tags": {},
            "tier": "",
            "timeouts": null,
            "trusted_launch_enabled": false,
            "upload_size_bytes": 0,
            "zone": ""
          },
          "sensitive_attributes": [],
          "private": "eyJlMmJmYjczMC1lY2FhLTExZTYtOGY4OC0zNDM2M2JjN2M0YzAiOnsiY3JlYXRlIjoxODAwMDAwMDAwMDAwLCJkZWxldGUiOjE4MDAwMDAwMDAwMDAsInJlYWQiOjMwMDAwMDAwMDAwMCwidXBkYXRlIjoxODAwMDAwMDAwMDAwfSwic2NoZW1hX3ZlcnNpb24iOiIxIn0="
        }
      ]
    },
    {
      "module": "module.datadisk",
      "mode": "managed",
      "type": "azurerm_managed_disk",
      "name": "windows_disk1",
      "provider": "provider[\"registry.terraform.io/hashicorp/azurerm\"]",
      "instances": [
        {
          "schema_version": 1,
          "attributes": {
            "create_option": "Empty",
            "disk_access_id": "",
            "disk_encryption_set_id": "",
            "disk_iops_read_only": 0,
            "disk_iops_read_write": 500,
            "disk_mbps_read_only": 0,
            "disk_mbps_read_write": 60,
            "disk_size_gb": 10,
            "edge_zone": "",
            "encryption_settings": [],
            "gallery_image_reference_id": "",
            "hyper_v_generation": "",
            "id": "/subscriptions/dfbc44eb-f4ee-4bb1-952a-f94f1edcd71d/resourceGroups/n01498358-assignment1-RG/providers/Microsoft.Compute/disks/windows-vm-datadisk1",
            "image_reference_id": "",
            "location": "eastus",
            "logical_sector_size": null,
            "max_shares": 0,
            "name": "windows-vm-datadisk1",
            "network_access_policy": null,
            "on_demand_bursting_enabled": false,
            "os_type": "",
            "public_network_access_enabled": true,
            "resource_group_name": "n01498358-assignment1-RG",
            "secure_vm_disk_encryption_set_id": "",
            "security_type": "",
            "source_resource_id": "",
            "source_uri": "",
            "storage_account_id": "",
            "storage_account_type": "Standard_LRS",
            "tags": {},
            "tier": "",
            "timeouts": null,
            "trusted_launch_enabled": false,
            "upload_size_bytes": 0,
            "zone": ""
          },
          "sensitive_attributes": [],
          "private": "eyJlMmJmYjczMC1lY2FhLTExZTYtOGY4OC0zNDM2M2JjN2M0YzAiOnsiY3JlYXRlIjoxODAwMDAwMDAwMDAwLCJkZWxldGUiOjE4MDAwMDAwMDAwMDAsInJlYWQiOjMwMDAwMDAwMDAwMCwidXBkYXRlIjoxODAwMDAwMDAwMDAwfSwic2NoZW1hX3ZlcnNpb24iOiIxIn0="
        }
      ]
    },
    {
      "module": "module.datadisk",
      "mode": "managed",
      "type": "azurerm_virtual_machine_data_disk_attachment",
      "name": "linux_disk1_attachment",
      "provider": "provider[\"registry.terraform.io/hashicorp/azurerm\"]",
      "instances": [
        {
          "index_key": 0,
          "schema_version": 0,
          "attributes": {
            "caching": "ReadWrite",
            "create_option": "Attach",
            "id": "/subscriptions/dfbc44eb-f4ee-4bb1-952a-f94f1edcd71d/resourceGroups/n01498358-assignment1-RG/providers/Microsoft.Compute/virtualMachines/sahil-linux-vm1/dataDisks/linux-vm1-datadisk1",
            "lun": 10,
            "managed_disk_id": "/subscriptions/dfbc44eb-f4ee-4bb1-952a-f94f1edcd71d/resourceGroups/n01498358-assignment1-RG/providers/Microsoft.Compute/disks/linux-vm1-datadisk1",
            "timeouts": null,
            "virtual_machine_id": "/subscriptions/dfbc44eb-f4ee-4bb1-952a-f94f1edcd71d/resourceGroups/n01498358-assignment1-RG/providers/Microsoft.Compute/virtualMachines/sahil-linux-vm1",
            "write_accelerator_enabled": false
          },
          "sensitive_attributes": [],
          "private": "eyJlMmJmYjczMC1lY2FhLTExZTYtOGY4OC0zNDM2M2JjN2M0YzAiOnsiY3JlYXRlIjoxODAwMDAwMDAwMDAwLCJkZWxldGUiOjE4MDAwMDAwMDAwMDAsInJlYWQiOjMwMDAwMDAwMDAwMCwidXBkYXRlIjoxODAwMDAwMDAwMDAwfX0=",
          "dependencies": [
            "module.datadisk.azurerm_managed_disk.linux_disk1",
            "module.network.azurerm_subnet.subnet-1",
            "module.network.azurerm_virtual_network.network",
            "module.rgroup.azurerm_resource_group.rgroup",
            "module.vmlinux.azurerm_availability_set.avail_set",
            "module.vmlinux.azurerm_linux_virtual_machine.vm",
            "module.vmlinux.azurerm_linux_virtual_machine.vm2",
            "module.vmlinux.azurerm_network_interface.nic",
            "module.vmlinux.azurerm_network_interface.nic2",
            "module.vmlinux.azurerm_public_ip.public_ip",
            "module.vmlinux.azurerm_public_ip.public_ip2"
          ]
        },
        {
          "index_key": 1,
          "schema_version": 0,
          "attributes": {
            "caching": "ReadWrite",
            "create_option": "Attach",
            "id": "/subscriptions/dfbc44eb-f4ee-4bb1-952a-f94f1edcd71d/resourceGroups/n01498358-assignment1-RG/providers/Microsoft.Compute/virtualMachines/sahil-linux-vm1-2/dataDisks/linux-vm2-datadisk1",
            "lun": 10,
            "managed_disk_id": "/subscriptions/dfbc44eb-f4ee-4bb1-952a-f94f1edcd71d/resourceGroups/n01498358-assignment1-RG/providers/Microsoft.Compute/disks/linux-vm2-datadisk1",
            "timeouts": null,
            "virtual_machine_id": "/subscriptions/dfbc44eb-f4ee-4bb1-952a-f94f1edcd71d/resourceGroups/n01498358-assignment1-RG/providers/Microsoft.Compute/virtualMachines/sahil-linux-vm1-2",
            "write_accelerator_enabled": false
          },
          "sensitive_attributes": [],
          "private": "eyJlMmJmYjczMC1lY2FhLTExZTYtOGY4OC0zNDM2M2JjN2M0YzAiOnsiY3JlYXRlIjoxODAwMDAwMDAwMDAwLCJkZWxldGUiOjE4MDAwMDAwMDAwMDAsInJlYWQiOjMwMDAwMDAwMDAwMCwidXBkYXRlIjoxODAwMDAwMDAwMDAwfX0=",
          "dependencies": [
            "module.datadisk.azurerm_managed_disk.linux_disk1",
            "module.network.azurerm_subnet.subnet-1",
            "module.network.azurerm_virtual_network.network",
            "module.rgroup.azurerm_resource_group.rgroup",
            "module.vmlinux.azurerm_availability_set.avail_set",
            "module.vmlinux.azurerm_linux_virtual_machine.vm",
            "module.vmlinux.azurerm_linux_virtual_machine.vm2",
            "module.vmlinux.azurerm_network_interface.nic",
            "module.vmlinux.azurerm_network_interface.nic2",
            "module.vmlinux.azurerm_public_ip.public_ip",
            "module.vmlinux.azurerm_public_ip.public_ip2"
          ]
        }
      ]
    },
    {
      "module": "module.datadisk",
      "mode": "managed",
      "type": "azurerm_virtual_machine_data_disk_attachment",
      "name": "windows_disk1_attachment",
      "provider": "provider[\"registry.terraform.io/hashicorp/azurerm\"]",
      "instances": [
        {
          "schema_version": 0,
          "attributes": {
            "caching": "ReadWrite",
            "create_option": "Attach",
            "id": "/subscriptions/dfbc44eb-f4ee-4bb1-952a-f94f1edcd71d/resourceGroups/n01498358-assignment1-RG/providers/Microsoft.Compute/virtualMachines/sahil-win-vm/dataDisks/windows-vm-datadisk1",
            "lun": 10,
            "managed_disk_id": "/subscriptions/dfbc44eb-f4ee-4bb1-952a-f94f1edcd71d/resourceGroups/n01498358-assignment1-RG/providers/Microsoft.Compute/disks/windows-vm-datadisk1",
            "timeouts": null,
            "virtual_machine_id": "/subscriptions/dfbc44eb-f4ee-4bb1-952a-f94f1edcd71d/resourceGroups/n01498358-assignment1-RG/providers/Microsoft.Compute/virtualMachines/sahil-win-vm",
            "write_accelerator_enabled": false
          },
          "sensitive_attributes": [],
          "private": "eyJlMmJmYjczMC1lY2FhLTExZTYtOGY4OC0zNDM2M2JjN2M0YzAiOnsiY3JlYXRlIjoxODAwMDAwMDAwMDAwLCJkZWxldGUiOjE4MDAwMDAwMDAwMDAsInJlYWQiOjMwMDAwMDAwMDAwMCwidXBkYXRlIjoxODAwMDAwMDAwMDAwfX0=",
          "dependencies": [
            "module.datadisk.azurerm_managed_disk.windows_disk1",
            "module.network.azurerm_network_security_group.nsg-1",
            "module.network.azurerm_subnet.subnet-1",
            "module.network.azurerm_virtual_network.network",
            "module.rgroup.azurerm_resource_group.rgroup",
            "module.vmwindows.azurerm_availability_set.windows-avs",
            "module.vmwindows.azurerm_network_interface.windows-nic",
            "module.vmwindows.azurerm_public_ip.windows-pip",
            "module.vmwindows.azurerm_windows_virtual_machine.windows-vm"
          ]
        }
      ]
    },
    {
      "module": "module.loadbalancer",
      "mode": "managed",
      "type": "azurerm_lb",
      "name": "basic_lb",
      "provider": "provider[\"registry.terraform.io/hashicorp/azurerm\"]",
      "instances": [
        {
          "schema_version": 0,
          "attributes": {
            "edge_zone": "",
            "frontend_ip_configuration": [
              {
                "gateway_load_balancer_frontend_ip_configuration_id": "",
                "id": "/subscriptions/dfbc44eb-f4ee-4bb1-952a-f94f1edcd71d/resourceGroups/n01498358-assignment1-RG/providers/Microsoft.Network/loadBalancers/basic-loadbalancer/frontendIPConfigurations/public-ip",
                "inbound_nat_rules": [],
                "load_balancer_rules": [
                  "/subscriptions/dfbc44eb-f4ee-4bb1-952a-f94f1edcd71d/resourceGroups/n01498358-assignment1-RG/providers/Microsoft.Network/loadBalancers/basic-loadbalancer/loadBalancingRules/http-rule"
                ],
                "name": "public-ip",
                "outbound_rules": [],
                "private_ip_address": "",
                "private_ip_address_allocation": "Dynamic",
                "private_ip_address_version": "",
                "public_ip_address_id": "/subscriptions/dfbc44eb-f4ee-4bb1-952a-f94f1edcd71d/resourceGroups/n01498358-assignment1-RG/providers/Microsoft.Network/publicIPAddresses/loadbalancer-public-ip",
                "public_ip_prefix_id": "",
                "subnet_id": "",
                "zones": []
              }
            ],
            "id": "/subscriptions/dfbc44eb-f4ee-4bb1-952a-f94f1edcd71d/resourceGroups/n01498358-assignment1-RG/providers/Microsoft.Network/loadBalancers/basic-loadbalancer",
            "location": "eastus",
            "name": "basic-loadbalancer",
            "private_ip_address": "",
            "private_ip_addresses": [],
            "resource_group_name": "n01498358-assignment1-RG",
            "sku": "Basic",
            "sku_tier": "Regional",
            "tags": {
              "Environment": "Lab",
              "ExpirationDate": "2023-06-30",
              "Name": "sahil.solanki",
              "Project": "Automation Project – Assignment 1"
            },
            "timeouts": null
          },
          "sensitive_attributes": [],
          "private": "eyJlMmJmYjczMC1lY2FhLTExZTYtOGY4OC0zNDM2M2JjN2M0YzAiOnsiY3JlYXRlIjoxODAwMDAwMDAwMDAwLCJkZWxldGUiOjE4MDAwMDAwMDAwMDAsInJlYWQiOjMwMDAwMDAwMDAwMCwidXBkYXRlIjoxODAwMDAwMDAwMDAwfX0=",
          "dependencies": [
            "module.loadbalancer.azurerm_public_ip.lb_public_ip"
          ]
        }
      ]
    },
    {
      "module": "module.loadbalancer",
      "mode": "managed",
      "type": "azurerm_lb_backend_address_pool",
      "name": "backend_pool",
      "provider": "provider[\"registry.terraform.io/hashicorp/azurerm\"]",
      "instances": [
        {
          "schema_version": 0,
          "attributes": {
            "backend_ip_configurations": [
              "/subscriptions/dfbc44eb-f4ee-4bb1-952a-f94f1edcd71d/resourceGroups/n01498358-assignment1-RG/providers/Microsoft.Network/networkInterfaces/sahil-linux-vm1-nic/ipConfigurations/internal",
              "/subscriptions/dfbc44eb-f4ee-4bb1-952a-f94f1edcd71d/resourceGroups/n01498358-assignment1-RG/providers/Microsoft.Network/networkInterfaces/sahil-linux-vm1-2-nic/ipConfigurations/internal"
            ],
            "id": "/subscriptions/dfbc44eb-f4ee-4bb1-952a-f94f1edcd71d/resourceGroups/n01498358-assignment1-RG/providers/Microsoft.Network/loadBalancers/basic-loadbalancer/backendAddressPools/backend-address-pool",
            "inbound_nat_rules": [],
            "load_balancing_rules": [
              "/subscriptions/dfbc44eb-f4ee-4bb1-952a-f94f1edcd71d/resourceGroups/n01498358-assignment1-RG/providers/Microsoft.Network/loadBalancers/basic-loadbalancer/loadBalancingRules/http-rule"
            ],
            "loadbalancer_id": "/subscriptions/dfbc44eb-f4ee-4bb1-952a-f94f1edcd71d/resourceGroups/n01498358-assignment1-RG/providers/Microsoft.Network/loadBalancers/basic-loadbalancer",
            "name": "backend-address-pool",
            "outbound_rules": [],
            "timeouts": null,
            "tunnel_interface": [],
            "virtual_network_id": ""
          },
          "sensitive_attributes": [],
          "private": "eyJlMmJmYjczMC1lY2FhLTExZTYtOGY4OC0zNDM2M2JjN2M0YzAiOnsiY3JlYXRlIjoxODAwMDAwMDAwMDAwLCJkZWxldGUiOjE4MDAwMDAwMDAwMDAsInJlYWQiOjMwMDAwMDAwMDAwMCwidXBkYXRlIjoxODAwMDAwMDAwMDAwfX0=",
          "dependencies": [
            "module.loadbalancer.azurerm_lb.basic_lb",
            "module.loadbalancer.azurerm_public_ip.lb_public_ip"
          ]
        }
      ]
    },
    {
      "module": "module.loadbalancer",
      "mode": "managed",
      "type": "azurerm_lb_probe",
      "name": "probe",
      "provider": "provider[\"registry.terraform.io/hashicorp/azurerm\"]",
      "instances": [
        {
          "schema_version": 0,
          "attributes": {
            "id": "/subscriptions/dfbc44eb-f4ee-4bb1-952a-f94f1edcd71d/resourceGroups/n01498358-assignment1-RG/providers/Microsoft.Network/loadBalancers/basic-loadbalancer/probes/tcp_probe",
            "interval_in_seconds": 15,
            "load_balancer_rules": [
              "/subscriptions/dfbc44eb-f4ee-4bb1-952a-f94f1edcd71d/resourceGroups/n01498358-assignment1-RG/providers/Microsoft.Network/loadBalancers/basic-loadbalancer/loadBalancingRules/http-rule"
            ],
            "loadbalancer_id": "/subscriptions/dfbc44eb-f4ee-4bb1-952a-f94f1edcd71d/resourceGroups/n01498358-assignment1-RG/providers/Microsoft.Network/loadBalancers/basic-loadbalancer",
            "name": "tcp_probe",
            "number_of_probes": 4,
            "port": 80,
            "probe_threshold": 1,
            "protocol": "Tcp",
            "request_path": "",
            "timeouts": null
          },
          "sensitive_attributes": [],
          "private": "eyJlMmJmYjczMC1lY2FhLTExZTYtOGY4OC0zNDM2M2JjN2M0YzAiOnsiY3JlYXRlIjoxODAwMDAwMDAwMDAwLCJkZWxldGUiOjE4MDAwMDAwMDAwMDAsInJlYWQiOjMwMDAwMDAwMDAwMCwidXBkYXRlIjoxODAwMDAwMDAwMDAwfX0=",
          "dependencies": [
            "module.loadbalancer.azurerm_lb.basic_lb",
            "module.loadbalancer.azurerm_public_ip.lb_public_ip"
          ]
        }
      ]
    },
    {
      "module": "module.loadbalancer",
      "mode": "managed",
      "type": "azurerm_lb_rule",
      "name": "rule",
      "provider": "provider[\"registry.terraform.io/hashicorp/azurerm\"]",
      "instances": [
        {
          "schema_version": 0,
          "attributes": {
            "backend_address_pool_ids": [
              "/subscriptions/dfbc44eb-f4ee-4bb1-952a-f94f1edcd71d/resourceGroups/n01498358-assignment1-RG/providers/Microsoft.Network/loadBalancers/basic-loadbalancer/backendAddressPools/backend-address-pool"
            ],
            "backend_port": 80,
            "disable_outbound_snat": false,
            "enable_floating_ip": false,
            "enable_tcp_reset": false,
            "frontend_ip_configuration_id": "/subscriptions/dfbc44eb-f4ee-4bb1-952a-f94f1edcd71d/resourceGroups/n01498358-assignment1-RG/providers/Microsoft.Network/loadBalancers/basic-loadbalancer/frontendIPConfigurations/public-ip",
            "frontend_ip_configuration_name": "public-ip",
            "frontend_port": 80,
            "id": "/subscriptions/dfbc44eb-f4ee-4bb1-952a-f94f1edcd71d/resourceGroups/n01498358-assignment1-RG/providers/Microsoft.Network/loadBalancers/basic-loadbalancer/loadBalancingRules/http-rule",
            "idle_timeout_in_minutes": 4,
            "load_distribution": "Default",
            "loadbalancer_id": "/subscriptions/dfbc44eb-f4ee-4bb1-952a-f94f1edcd71d/resourceGroups/n01498358-assignment1-RG/providers/Microsoft.Network/loadBalancers/basic-loadbalancer",
            "name": "http-rule",
            "probe_id": "/subscriptions/dfbc44eb-f4ee-4bb1-952a-f94f1edcd71d/resourceGroups/n01498358-assignment1-RG/providers/Microsoft.Network/loadBalancers/basic-loadbalancer/probes/tcp_probe",
            "protocol": "Tcp",
            "timeouts": null
          },
          "sensitive_attributes": [],
          "private": "eyJlMmJmYjczMC1lY2FhLTExZTYtOGY4OC0zNDM2M2JjN2M0YzAiOnsiY3JlYXRlIjoxODAwMDAwMDAwMDAwLCJkZWxldGUiOjE4MDAwMDAwMDAwMDAsInJlYWQiOjMwMDAwMDAwMDAwMCwidXBkYXRlIjoxODAwMDAwMDAwMDAwfX0=",
          "dependencies": [
            "module.loadbalancer.azurerm_lb.basic_lb",
            "module.loadbalancer.azurerm_lb_backend_address_pool.backend_pool",
            "module.loadbalancer.azurerm_lb_probe.probe",
            "module.loadbalancer.azurerm_public_ip.lb_public_ip"
          ]
        }
      ]
    },
    {
      "module": "module.loadbalancer",
      "mode": "managed",
      "type": "azurerm_network_interface_backend_address_pool_association",
      "name": "linux_vm1_association",
      "provider": "provider[\"registry.terraform.io/hashicorp/azurerm\"]",
      "instances": [
        {
          "schema_version": 0,
          "attributes": {
            "backend_address_pool_id": "/subscriptions/dfbc44eb-f4ee-4bb1-952a-f94f1edcd71d/resourceGroups/n01498358-assignment1-RG/providers/Microsoft.Network/loadBalancers/basic-loadbalancer/backendAddressPools/backend-address-pool",
            "id": "/subscriptions/dfbc44eb-f4ee-4bb1-952a-f94f1edcd71d/resourceGroups/n01498358-assignment1-RG/providers/Microsoft.Network/networkInterfaces/sahil-linux-vm1-nic/ipConfigurations/internal|/subscriptions/dfbc44eb-f4ee-4bb1-952a-f94f1edcd71d/resourceGroups/n01498358-assignment1-RG/providers/Microsoft.Network/loadBalancers/basic-loadbalancer/backendAddressPools/backend-address-pool",
            "ip_configuration_name": "internal",
            "network_interface_id": "/subscriptions/dfbc44eb-f4ee-4bb1-952a-f94f1edcd71d/resourceGroups/n01498358-assignment1-RG/providers/Microsoft.Network/networkInterfaces/sahil-linux-vm1-nic",
            "timeouts": null
          },
          "sensitive_attributes": [],
          "private": "eyJlMmJmYjczMC1lY2FhLTExZTYtOGY4OC0zNDM2M2JjN2M0YzAiOnsiY3JlYXRlIjoxODAwMDAwMDAwMDAwLCJkZWxldGUiOjE4MDAwMDAwMDAwMDAsInJlYWQiOjMwMDAwMDAwMDAwMCwidXBkYXRlIjoxODAwMDAwMDAwMDAwfX0=",
          "dependencies": [
            "module.loadbalancer.azurerm_lb.basic_lb",
            "module.loadbalancer.azurerm_lb_backend_address_pool.backend_pool",
            "module.loadbalancer.azurerm_public_ip.lb_public_ip",
            "module.network.azurerm_subnet.subnet-1",
            "module.network.azurerm_virtual_network.network",
            "module.rgroup.azurerm_resource_group.rgroup",
            "module.vmlinux.azurerm_network_interface.nic",
            "module.vmlinux.azurerm_public_ip.public_ip"
          ]
        }
      ]
    },
    {
      "module": "module.loadbalancer",
      "mode": "managed",
      "type": "azurerm_network_interface_backend_address_pool_association",
      "name": "linux_vm2_association",
      "provider": "provider[\"registry.terraform.io/hashicorp/azurerm\"]",
      "instances": [
        {
          "schema_version": 0,
          "attributes": {
            "backend_address_pool_id": "/subscriptions/dfbc44eb-f4ee-4bb1-952a-f94f1edcd71d/resourceGroups/n01498358-assignment1-RG/providers/Microsoft.Network/loadBalancers/basic-loadbalancer/backendAddressPools/backend-address-pool",
            "id": "/subscriptions/dfbc44eb-f4ee-4bb1-952a-f94f1edcd71d/resourceGroups/n01498358-assignment1-RG/providers/Microsoft.Network/networkInterfaces/sahil-linux-vm1-2-nic/ipConfigurations/internal|/subscriptions/dfbc44eb-f4ee-4bb1-952a-f94f1edcd71d/resourceGroups/n01498358-assignment1-RG/providers/Microsoft.Network/loadBalancers/basic-loadbalancer/backendAddressPools/backend-address-pool",
            "ip_configuration_name": "internal",
            "network_interface_id": "/subscriptions/dfbc44eb-f4ee-4bb1-952a-f94f1edcd71d/resourceGroups/n01498358-assignment1-RG/providers/Microsoft.Network/networkInterfaces/sahil-linux-vm1-2-nic",
            "timeouts": null
          },
          "sensitive_attributes": [],
          "private": "eyJlMmJmYjczMC1lY2FhLTExZTYtOGY4OC0zNDM2M2JjN2M0YzAiOnsiY3JlYXRlIjoxODAwMDAwMDAwMDAwLCJkZWxldGUiOjE4MDAwMDAwMDAwMDAsInJlYWQiOjMwMDAwMDAwMDAwMCwidXBkYXRlIjoxODAwMDAwMDAwMDAwfX0=",
          "dependencies": [
            "module.loadbalancer.azurerm_lb.basic_lb",
            "module.loadbalancer.azurerm_lb_backend_address_pool.backend_pool",
            "module.loadbalancer.azurerm_public_ip.lb_public_ip",
            "module.network.azurerm_subnet.subnet-1",
            "module.network.azurerm_virtual_network.network",
            "module.rgroup.azurerm_resource_group.rgroup",
            "module.vmlinux.azurerm_network_interface.nic2",
            "module.vmlinux.azurerm_public_ip.public_ip2"
          ]
        }
      ]
    },
    {
      "module": "module.loadbalancer",
      "mode": "managed",
      "type": "azurerm_public_ip",
      "name": "lb_public_ip",
      "provider": "provider[\"registry.terraform.io/hashicorp/azurerm\"]",
      "instances": [
        {
          "schema_version": 0,
          "attributes": {
            "allocation_method": "Static",
            "ddos_protection_mode": "VirtualNetworkInherited",
            "ddos_protection_plan_id": null,
            "domain_name_label": null,
            "edge_zone": "",
            "fqdn": null,
            "id": "/subscriptions/dfbc44eb-f4ee-4bb1-952a-f94f1edcd71d/resourceGroups/n01498358-assignment1-RG/providers/Microsoft.Network/publicIPAddresses/loadbalancer-public-ip",
            "idle_timeout_in_minutes": 4,
            "ip_address": "20.169.143.42",
            "ip_tags": {},
            "ip_version": "IPv4",
            "location": "eastus",
            "name": "loadbalancer-public-ip",
            "public_ip_prefix_id": null,
            "resource_group_name": "n01498358-assignment1-RG",
            "reverse_fqdn": null,
            "sku": "Basic",
            "sku_tier": "Regional",
            "tags": {
              "Environment": "Lab",
              "ExpirationDate": "2023-06-30",
              "Name": "sahil.solanki",
              "Project": "Automation Project – Assignment 1"
            },
            "timeouts": null,
            "zones": []
          },
          "sensitive_attributes": [],
          "private": "eyJlMmJmYjczMC1lY2FhLTExZTYtOGY4OC0zNDM2M2JjN2M0YzAiOnsiY3JlYXRlIjoxODAwMDAwMDAwMDAwLCJkZWxldGUiOjE4MDAwMDAwMDAwMDAsInJlYWQiOjMwMDAwMDAwMDAwMCwidXBkYXRlIjoxODAwMDAwMDAwMDAwfX0="
        }
      ]
    },
    {
      "module": "module.network",
      "mode": "managed",
      "type": "azurerm_network_security_group",
      "name": "nsg-1",
      "provider": "provider[\"registry.terraform.io/hashicorp/azurerm\"]",
      "instances": [
        {
          "schema_version": 0,
          "attributes": {
            "id": "/subscriptions/dfbc44eb-f4ee-4bb1-952a-f94f1edcd71d/resourceGroups/n01498358-assignment1-RG/providers/Microsoft.Network/networkSecurityGroups/sahil_nsg_name",
            "location": "eastus",
            "name": "sahil_nsg_name",
            "resource_group_name": "n01498358-assignment1-RG",
            "security_rule": [
              {
                "access": "Allow",
                "description": "",
                "destination_address_prefix": "*",
                "destination_address_prefixes": [],
                "destination_application_security_group_ids": [],
                "destination_port_range": "22",
                "destination_port_ranges": [],
                "direction": "Inbound",
                "name": "AllowSSH",
                "priority": 100,
                "protocol": "Tcp",
                "source_address_prefix": "*",
                "source_address_prefixes": [],
                "source_application_security_group_ids": [],
                "source_port_range": "*",
                "source_port_ranges": []
              }
            ],
            "tags": {
              "Environment": "Lab",
              "ExpirationDate": "2023-06-30",
              "Name": "sahil.solanki",
              "Project": "Automation Project – Assignment 1"
            },
            "timeouts": null
          },
          "sensitive_attributes": [],
          "private": "eyJlMmJmYjczMC1lY2FhLTExZTYtOGY4OC0zNDM2M2JjN2M0YzAiOnsiY3JlYXRlIjoxODAwMDAwMDAwMDAwLCJkZWxldGUiOjE4MDAwMDAwMDAwMDAsInJlYWQiOjMwMDAwMDAwMDAwMCwidXBkYXRlIjoxODAwMDAwMDAwMDAwfX0=",
          "dependencies": [
            "module.rgroup.azurerm_resource_group.rgroup"
          ]
        }
      ]
    },
    {
      "module": "module.network",
      "mode": "managed",
      "type": "azurerm_subnet",
      "name": "subnet-1",
      "provider": "provider[\"registry.terraform.io/hashicorp/azurerm\"]",
      "instances": [
        {
          "schema_version": 0,
          "attributes": {
            "address_prefixes": [
              "10.0.1.0/24"
            ],
            "delegation": [],
            "enforce_private_link_endpoint_network_policies": false,
            "enforce_private_link_service_network_policies": false,
            "id": "/subscriptions/dfbc44eb-f4ee-4bb1-952a-f94f1edcd71d/resourceGroups/n01498358-assignment1-RG/providers/Microsoft.Network/virtualNetworks/sahil_vnet_name/subnets/sahil_subnet_name",
            "name": "sahil_subnet_name",
            "private_endpoint_network_policies_enabled": true,
            "private_link_service_network_policies_enabled": true,
            "resource_group_name": "n01498358-assignment1-RG",
            "service_endpoint_policy_ids": [],
            "service_endpoints": [],
            "timeouts": null,
            "virtual_network_name": "sahil_vnet_name"
          },
          "sensitive_attributes": [],
          "private": "eyJlMmJmYjczMC1lY2FhLTExZTYtOGY4OC0zNDM2M2JjN2M0YzAiOnsiY3JlYXRlIjoxODAwMDAwMDAwMDAwLCJkZWxldGUiOjE4MDAwMDAwMDAwMDAsInJlYWQiOjMwMDAwMDAwMDAwMCwidXBkYXRlIjoxODAwMDAwMDAwMDAwfX0=",
          "dependencies": [
            "module.network.azurerm_virtual_network.network",
            "module.rgroup.azurerm_resource_group.rgroup"
          ]
        }
      ]
    },
    {
      "module": "module.network",
      "mode": "managed",
      "type": "azurerm_virtual_network",
      "name": "network",
      "provider": "provider[\"registry.terraform.io/hashicorp/azurerm\"]",
      "instances": [
        {
          "schema_version": 0,
          "attributes": {
            "address_space": [
              "10.0.0.0/16"
            ],
            "bgp_community": "",
            "ddos_protection_plan": [],
            "dns_servers": [],
            "edge_zone": "",
            "flow_timeout_in_minutes": 0,
            "guid": "8f48a171-8aa5-4d34-ba26-6500d12b3eba",
            "id": "/subscriptions/dfbc44eb-f4ee-4bb1-952a-f94f1edcd71d/resourceGroups/n01498358-assignment1-RG/providers/Microsoft.Network/virtualNetworks/sahil_vnet_name",
            "location": "eastus",
            "name": "sahil_vnet_name",
            "resource_group_name": "n01498358-assignment1-RG",
            "subnet": [
              {
                "address_prefix": "10.0.1.0/24",
                "id": "/subscriptions/dfbc44eb-f4ee-4bb1-952a-f94f1edcd71d/resourceGroups/n01498358-assignment1-RG/providers/Microsoft.Network/virtualNetworks/sahil_vnet_name/subnets/sahil_subnet_name",
                "name": "sahil_subnet_name",
                "security_group": ""
              }
            ],
            "tags": {
              "Environment": "Lab",
              "ExpirationDate": "2023-06-30",
              "Name": "sahil.solanki",
              "Project": "Automation Project – Assignment 1"
            },
            "timeouts": null
          },
          "sensitive_attributes": [],
          "private": "eyJlMmJmYjczMC1lY2FhLTExZTYtOGY4OC0zNDM2M2JjN2M0YzAiOnsiY3JlYXRlIjoxODAwMDAwMDAwMDAwLCJkZWxldGUiOjE4MDAwMDAwMDAwMDAsInJlYWQiOjMwMDAwMDAwMDAwMCwidXBkYXRlIjoxODAwMDAwMDAwMDAwfX0=",
          "dependencies": [
            "module.rgroup.azurerm_resource_group.rgroup"
          ]
        }
      ]
    },
    {
      "module": "module.rgroup",
      "mode": "managed",
      "type": "azurerm_resource_group",
      "name": "rgroup",
      "provider": "provider[\"registry.terraform.io/hashicorp/azurerm\"]",
      "instances": [
        {
          "schema_version": 0,
          "attributes": {
            "id": "/subscriptions/dfbc44eb-f4ee-4bb1-952a-f94f1edcd71d/resourceGroups/n01498358-assignment1-RG",
            "location": "eastus",
            "name": "n01498358-assignment1-RG",
            "tags": {
              "Environment": "Lab",
              "ExpirationDate": "2023-06-30",
              "Name": "sahil.solanki",
              "Project": "Automation Project – Assignment 1"
            },
            "timeouts": null
          },
          "sensitive_attributes": [],
          "private": "eyJlMmJmYjczMC1lY2FhLTExZTYtOGY4OC0zNDM2M2JjN2M0YzAiOnsiY3JlYXRlIjo1NDAwMDAwMDAwMDAwLCJkZWxldGUiOjU0MDAwMDAwMDAwMDAsInJlYWQiOjMwMDAwMDAwMDAwMCwidXBkYXRlIjo1NDAwMDAwMDAwMDAwfX0="
        }
      ]
    },
    {
      "module": "module.vmlinux",
      "mode": "managed",
      "type": "azurerm_availability_set",
      "name": "avail_set",
      "provider": "provider[\"registry.terraform.io/hashicorp/azurerm\"]",
      "instances": [
        {
          "schema_version": 0,
          "attributes": {
            "id": "/subscriptions/dfbc44eb-f4ee-4bb1-952a-f94f1edcd71d/resourceGroups/n01498358-assignment1-RG/providers/Microsoft.Compute/availabilitySets/sahil-linux-vm1-availability-set",
            "location": "eastus",
            "managed": true,
            "name": "sahil-linux-vm1-availability-set",
            "platform_fault_domain_count": 2,
            "platform_update_domain_count": 2,
            "proximity_placement_group_id": null,
            "resource_group_name": "n01498358-assignment1-RG",
            "tags": {
              "Environment": "Lab",
              "ExpirationDate": "2023-06-30",
              "Name": "sahil.solanki",
              "Project": "Automation Project – Assignment 1"
            },
            "timeouts": null
          },
          "sensitive_attributes": [],
          "private": "eyJlMmJmYjczMC1lY2FhLTExZTYtOGY4OC0zNDM2M2JjN2M0YzAiOnsiY3JlYXRlIjoxODAwMDAwMDAwMDAwLCJkZWxldGUiOjE4MDAwMDAwMDAwMDAsInJlYWQiOjMwMDAwMDAwMDAwMCwidXBkYXRlIjoxODAwMDAwMDAwMDAwfX0=",
          "dependencies": [
            "module.rgroup.azurerm_resource_group.rgroup"
          ]
        }
      ]
    },
    {
      "module": "module.vmlinux",
      "mode": "managed",
      "type": "azurerm_linux_virtual_machine",
      "name": "vm",
      "provider": "provider[\"registry.terraform.io/hashicorp/azurerm\"]",
      "instances": [
        {
          "schema_version": 0,
          "attributes": {
            "additional_capabilities": [],
            "admin_password": null,
            "admin_ssh_key": [
              {
                "public_key": "ssh-rsa AAAAB3NzaC1yc2EAAAADAQABAAABgQC7FoLZKWfoSXFrEdx1ccmi0L6yPtqdayd6Ux22OnuCpKDdItNHQKPCHurkLLuz+/VeoQPGm0u+WXRUqdoxY2+y92EawgVJdzVS1t53EHz+qoBqN1qNynqQ0UWXKAkfxq2yxDaGzw+2dKhW+p3moJP+afoBvP/N7wVv+uoZdMLkAnVA15sHVq8JMwaMRRNFU6+Q3fprVpS3xSQzi1+BizhBoCJjcehFy5A2h3gXgYLb019uDUk0Tkc/ISDo/0LjBbYNYonz3NyAlSenIgL3IkMVHHz1ITS06B3tNY4Oz2SBJX8EEAbsT8dEOrrZtyxotdwNSh3y7nCwKPPZHcXdIERWGzJwfoou+igMErYAzfqwlxyBvcYcVNMWwWlI1baDZOerEpRNEK4blvISGn+YwDzQxwmh6cqkEwmh6DFYjgFtZ19CRvbI8FfaoeYpIPW6hxyW5xj7f2cJ36aJJIveXahd0BdWcM3luhLh673kZZ0CCVMJnoQa9Pw98/eBbV/X4u8= Sahil@SAHIL\n",
                "username": "sahil"
              }
            ],
            "admin_username": "sahil",
            "allow_extension_operations": true,
            "availability_set_id": "/subscriptions/dfbc44eb-f4ee-4bb1-952a-f94f1edcd71d/resourceGroups/n01498358-assignment1-RG/providers/Microsoft.Compute/availabilitySets/SAHIL-LINUX-VM1-AVAILABILITY-SET",
            "boot_diagnostics": [],
            "capacity_reservation_group_id": "",
            "computer_name": "sahil-linux-vm1",
            "custom_data": null,
            "dedicated_host_group_id": "",
            "dedicated_host_id": "",
            "disable_password_authentication": true,
            "edge_zone": "",
            "encryption_at_host_enabled": false,
            "eviction_policy": "",
            "extensions_time_budget": "PT1H30M",
            "gallery_application": [],
            "id": "/subscriptions/dfbc44eb-f4ee-4bb1-952a-f94f1edcd71d/resourceGroups/n01498358-assignment1-RG/providers/Microsoft.Compute/virtualMachines/sahil-linux-vm1",
            "identity": [],
            "license_type": "",
            "location": "eastus",
            "max_bid_price": -1,
            "name": "sahil-linux-vm1",
            "network_interface_ids": [
              "/subscriptions/dfbc44eb-f4ee-4bb1-952a-f94f1edcd71d/resourceGroups/n01498358-assignment1-RG/providers/Microsoft.Network/networkInterfaces/sahil-linux-vm1-nic"
            ],
            "os_disk": [
              {
                "caching": "ReadWrite",
                "diff_disk_settings": [],
                "disk_encryption_set_id": "",
                "disk_size_gb": 30,
                "name": "sahil-linux-vm1_OsDisk_1_a33fa14d6a874056875c1a10ea9306dd",
                "secure_vm_disk_encryption_set_id": "",
                "security_encryption_type": "",
                "storage_account_type": "Standard_LRS",
                "write_accelerator_enabled": false
              }
            ],
            "patch_assessment_mode": "ImageDefault",
            "patch_mode": "ImageDefault",
            "plan": [],
            "platform_fault_domain": -1,
            "priority": "Regular",
            "private_ip_address": "10.0.1.4",
            "private_ip_addresses": [
              "10.0.1.4"
            ],
            "provision_vm_agent": true,
            "proximity_placement_group_id": "",
            "public_ip_address": "172.174.64.184",
            "public_ip_addresses": [
              "172.174.64.184"
            ],
            "resource_group_name": "n01498358-assignment1-RG",
            "secret": [],
            "secure_boot_enabled": false,
            "size": "Standard_DS2_v2",
            "source_image_id": "",
            "source_image_reference": [
              {
                "offer": "CentOS",
                "publisher": "OpenLogic",
                "sku": "8_2",
                "version": "latest"
              }
            ],
            "tags": {
              "Environment": "Lab",
              "ExpirationDate": "2023-06-30",
              "Name": "sahil.solanki",
              "Project": "Automation Project – Assignment 1"
            },
            "termination_notification": [],
            "timeouts": null,
            "user_data": "",
            "virtual_machine_id": "227b0df3-fb87-4df7-ad12-13eb5770e0f9",
            "virtual_machine_scale_set_id": "",
            "vtpm_enabled": false,
            "zone": ""
          },
          "sensitive_attributes": [],
          "private": "eyJlMmJmYjczMC1lY2FhLTExZTYtOGY4OC0zNDM2M2JjN2M0YzAiOnsiY3JlYXRlIjoyNzAwMDAwMDAwMDAwLCJkZWxldGUiOjI3MDAwMDAwMDAwMDAsInJlYWQiOjMwMDAwMDAwMDAwMCwidXBkYXRlIjoyNzAwMDAwMDAwMDAwfX0=",
          "dependencies": [
            "module.network.azurerm_subnet.subnet-1",
            "module.network.azurerm_virtual_network.network",
            "module.rgroup.azurerm_resource_group.rgroup",
            "module.vmlinux.azurerm_availability_set.avail_set",
            "module.vmlinux.azurerm_network_interface.nic",
            "module.vmlinux.azurerm_public_ip.public_ip"
          ]
        }
      ]
    },
    {
      "module": "module.vmlinux",
      "mode": "managed",
      "type": "azurerm_linux_virtual_machine",
      "name": "vm2",
      "provider": "provider[\"registry.terraform.io/hashicorp/azurerm\"]",
      "instances": [
        {
          "schema_version": 0,
          "attributes": {
            "additional_capabilities": [],
            "admin_password": null,
            "admin_ssh_key": [
              {
                "public_key": "ssh-rsa AAAAB3NzaC1yc2EAAAADAQABAAABgQC7FoLZKWfoSXFrEdx1ccmi0L6yPtqdayd6Ux22OnuCpKDdItNHQKPCHurkLLuz+/VeoQPGm0u+WXRUqdoxY2+y92EawgVJdzVS1t53EHz+qoBqN1qNynqQ0UWXKAkfxq2yxDaGzw+2dKhW+p3moJP+afoBvP/N7wVv+uoZdMLkAnVA15sHVq8JMwaMRRNFU6+Q3fprVpS3xSQzi1+BizhBoCJjcehFy5A2h3gXgYLb019uDUk0Tkc/ISDo/0LjBbYNYonz3NyAlSenIgL3IkMVHHz1ITS06B3tNY4Oz2SBJX8EEAbsT8dEOrrZtyxotdwNSh3y7nCwKPPZHcXdIERWGzJwfoou+igMErYAzfqwlxyBvcYcVNMWwWlI1baDZOerEpRNEK4blvISGn+YwDzQxwmh6cqkEwmh6DFYjgFtZ19CRvbI8FfaoeYpIPW6hxyW5xj7f2cJ36aJJIveXahd0BdWcM3luhLh673kZZ0CCVMJnoQa9Pw98/eBbV/X4u8= Sahil@SAHIL\n",
                "username": "sahil"
              }
            ],
            "admin_username": "sahil",
            "allow_extension_operations": true,
            "availability_set_id": "/subscriptions/dfbc44eb-f4ee-4bb1-952a-f94f1edcd71d/resourceGroups/n01498358-assignment1-RG/providers/Microsoft.Compute/availabilitySets/SAHIL-LINUX-VM1-AVAILABILITY-SET",
            "boot_diagnostics": [],
            "capacity_reservation_group_id": "",
            "computer_name": "sahil-linux-vm1-2",
            "custom_data": null,
            "dedicated_host_group_id": "",
            "dedicated_host_id": "",
            "disable_password_authentication": true,
            "edge_zone": "",
            "encryption_at_host_enabled": false,
            "eviction_policy": "",
            "extensions_time_budget": "PT1H30M",
            "gallery_application": [],
            "id": "/subscriptions/dfbc44eb-f4ee-4bb1-952a-f94f1edcd71d/resourceGroups/n01498358-assignment1-RG/providers/Microsoft.Compute/virtualMachines/sahil-linux-vm1-2",
            "identity": [],
            "license_type": "",
            "location": "eastus",
            "max_bid_price": -1,
            "name": "sahil-linux-vm1-2",
            "network_interface_ids": [
              "/subscriptions/dfbc44eb-f4ee-4bb1-952a-f94f1edcd71d/resourceGroups/n01498358-assignment1-RG/providers/Microsoft.Network/networkInterfaces/sahil-linux-vm1-2-nic"
            ],
            "os_disk": [
              {
                "caching": "ReadWrite",
                "diff_disk_settings": [],
                "disk_encryption_set_id": "",
                "disk_size_gb": 30,
                "name": "sahil-linux-vm1-2_OsDisk_1_25fddac3afa04536aae9b6d9da64c728",
                "secure_vm_disk_encryption_set_id": "",
                "security_encryption_type": "",
                "storage_account_type": "Standard_LRS",
                "write_accelerator_enabled": false
              }
            ],
            "patch_assessment_mode": "ImageDefault",
            "patch_mode": "ImageDefault",
            "plan": [],
            "platform_fault_domain": -1,
            "priority": "Regular",
            "private_ip_address": "10.0.1.5",
            "private_ip_addresses": [
              "10.0.1.5"
            ],
            "provision_vm_agent": true,
            "proximity_placement_group_id": "",
            "public_ip_address": "20.120.0.82",
            "public_ip_addresses": [
              "20.120.0.82"
            ],
            "resource_group_name": "n01498358-assignment1-RG",
            "secret": [],
            "secure_boot_enabled": false,
            "size": "Standard_DS2_v2",
            "source_image_id": "",
            "source_image_reference": [
              {
                "offer": "CentOS",
                "publisher": "OpenLogic",
                "sku": "8_2",
                "version": "latest"
              }
            ],
            "tags": {
              "Environment": "Lab",
              "ExpirationDate": "2023-06-30",
              "Name": "sahil.solanki",
              "Project": "Automation Project – Assignment 1"
            },
            "termination_notification": [],
            "timeouts": null,
            "user_data": "",
            "virtual_machine_id": "75ec5e35-b83f-4caf-8faf-23618476e844",
            "virtual_machine_scale_set_id": "",
            "vtpm_enabled": false,
            "zone": ""
          },
          "sensitive_attributes": [],
          "private": "eyJlMmJmYjczMC1lY2FhLTExZTYtOGY4OC0zNDM2M2JjN2M0YzAiOnsiY3JlYXRlIjoyNzAwMDAwMDAwMDAwLCJkZWxldGUiOjI3MDAwMDAwMDAwMDAsInJlYWQiOjMwMDAwMDAwMDAwMCwidXBkYXRlIjoyNzAwMDAwMDAwMDAwfX0=",
          "dependencies": [
            "module.network.azurerm_subnet.subnet-1",
            "module.network.azurerm_virtual_network.network",
            "module.rgroup.azurerm_resource_group.rgroup",
            "module.vmlinux.azurerm_availability_set.avail_set",
            "module.vmlinux.azurerm_network_interface.nic2",
            "module.vmlinux.azurerm_public_ip.public_ip2"
          ]
        }
      ]
    },
    {
      "module": "module.vmlinux",
      "mode": "managed",
      "type": "azurerm_network_interface",
      "name": "nic",
      "provider": "provider[\"registry.terraform.io/hashicorp/azurerm\"]",
      "instances": [
        {
          "schema_version": 0,
          "attributes": {
            "applied_dns_servers": [],
            "dns_servers": [],
            "edge_zone": "",
            "enable_accelerated_networking": false,
            "enable_ip_forwarding": false,
            "id": "/subscriptions/dfbc44eb-f4ee-4bb1-952a-f94f1edcd71d/resourceGroups/n01498358-assignment1-RG/providers/Microsoft.Network/networkInterfaces/sahil-linux-vm1-nic",
            "internal_dns_name_label": "",
            "internal_domain_name_suffix": "ogqurd3fri0e1orgmuanckz4xc.bx.internal.cloudapp.net",
            "ip_configuration": [
              {
                "gateway_load_balancer_frontend_ip_configuration_id": "",
                "name": "internal",
                "primary": true,
                "private_ip_address": "10.0.1.4",
                "private_ip_address_allocation": "Dynamic",
                "private_ip_address_version": "IPv4",
                "public_ip_address_id": "/subscriptions/dfbc44eb-f4ee-4bb1-952a-f94f1edcd71d/resourceGroups/n01498358-assignment1-RG/providers/Microsoft.Network/publicIPAddresses/sahil-linux-vm1-public-ip",
                "subnet_id": "/subscriptions/dfbc44eb-f4ee-4bb1-952a-f94f1edcd71d/resourceGroups/n01498358-assignment1-RG/providers/Microsoft.Network/virtualNetworks/sahil_vnet_name/subnets/sahil_subnet_name"
              }
            ],
            "location": "eastus",
            "mac_address": "00-0D-3A-1C-E8-AD",
            "name": "sahil-linux-vm1-nic",
            "private_ip_address": "10.0.1.4",
            "private_ip_addresses": [
              "10.0.1.4"
            ],
            "resource_group_name": "n01498358-assignment1-RG",
            "tags": {
              "Environment": "Lab",
              "ExpirationDate": "2023-06-30",
              "Name": "sahil.solanki",
              "Project": "Automation Project – Assignment 1"
            },
            "timeouts": null,
            "virtual_machine_id": "/subscriptions/dfbc44eb-f4ee-4bb1-952a-f94f1edcd71d/resourceGroups/n01498358-assignment1-RG/providers/Microsoft.Compute/virtualMachines/sahil-linux-vm1"
          },
          "sensitive_attributes": [],
          "private": "eyJlMmJmYjczMC1lY2FhLTExZTYtOGY4OC0zNDM2M2JjN2M0YzAiOnsiY3JlYXRlIjoxODAwMDAwMDAwMDAwLCJkZWxldGUiOjE4MDAwMDAwMDAwMDAsInJlYWQiOjMwMDAwMDAwMDAwMCwidXBkYXRlIjoxODAwMDAwMDAwMDAwfX0=",
          "dependencies": [
            "module.network.azurerm_subnet.subnet-1",
            "module.network.azurerm_virtual_network.network",
            "module.rgroup.azurerm_resource_group.rgroup",
            "module.vmlinux.azurerm_public_ip.public_ip"
          ]
        }
      ]
    },
    {
      "module": "module.vmlinux",
      "mode": "managed",
      "type": "azurerm_network_interface",
      "name": "nic2",
      "provider": "provider[\"registry.terraform.io/hashicorp/azurerm\"]",
      "instances": [
        {
          "schema_version": 0,
          "attributes": {
            "applied_dns_servers": [],
            "dns_servers": [],
            "edge_zone": "",
            "enable_accelerated_networking": false,
            "enable_ip_forwarding": false,
            "id": "/subscriptions/dfbc44eb-f4ee-4bb1-952a-f94f1edcd71d/resourceGroups/n01498358-assignment1-RG/providers/Microsoft.Network/networkInterfaces/sahil-linux-vm1-2-nic",
            "internal_dns_name_label": "",
            "internal_domain_name_suffix": "ogqurd3fri0e1orgmuanckz4xc.bx.internal.cloudapp.net",
            "ip_configuration": [
              {
                "gateway_load_balancer_frontend_ip_configuration_id": "",
                "name": "internal",
                "primary": true,
                "private_ip_address": "10.0.1.5",
                "private_ip_address_allocation": "Dynamic",
                "private_ip_address_version": "IPv4",
                "public_ip_address_id": "/subscriptions/dfbc44eb-f4ee-4bb1-952a-f94f1edcd71d/resourceGroups/n01498358-assignment1-RG/providers/Microsoft.Network/publicIPAddresses/sahil-linux-vm1-2-public-ip",
                "subnet_id": "/subscriptions/dfbc44eb-f4ee-4bb1-952a-f94f1edcd71d/resourceGroups/n01498358-assignment1-RG/providers/Microsoft.Network/virtualNetworks/sahil_vnet_name/subnets/sahil_subnet_name"
              }
            ],
            "location": "eastus",
            "mac_address": "00-0D-3A-1F-B9-DD",
            "name": "sahil-linux-vm1-2-nic",
            "private_ip_address": "10.0.1.5",
            "private_ip_addresses": [
              "10.0.1.5"
            ],
            "resource_group_name": "n01498358-assignment1-RG",
            "tags": {
              "Environment": "Lab",
              "ExpirationDate": "2023-06-30",
              "Name": "sahil.solanki",
              "Project": "Automation Project – Assignment 1"
            },
            "timeouts": null,
            "virtual_machine_id": "/subscriptions/dfbc44eb-f4ee-4bb1-952a-f94f1edcd71d/resourceGroups/n01498358-assignment1-RG/providers/Microsoft.Compute/virtualMachines/sahil-linux-vm1-2"
          },
          "sensitive_attributes": [],
          "private": "eyJlMmJmYjczMC1lY2FhLTExZTYtOGY4OC0zNDM2M2JjN2M0YzAiOnsiY3JlYXRlIjoxODAwMDAwMDAwMDAwLCJkZWxldGUiOjE4MDAwMDAwMDAwMDAsInJlYWQiOjMwMDAwMDAwMDAwMCwidXBkYXRlIjoxODAwMDAwMDAwMDAwfX0=",
          "dependencies": [
            "module.network.azurerm_subnet.subnet-1",
            "module.network.azurerm_virtual_network.network",
            "module.rgroup.azurerm_resource_group.rgroup",
            "module.vmlinux.azurerm_public_ip.public_ip2"
          ]
        }
      ]
    },
    {
      "module": "module.vmlinux",
      "mode": "managed",
      "type": "azurerm_public_ip",
      "name": "public_ip",
      "provider": "provider[\"registry.terraform.io/hashicorp/azurerm\"]",
      "instances": [
        {
          "schema_version": 0,
          "attributes": {
            "allocation_method": "Dynamic",
            "ddos_protection_mode": "VirtualNetworkInherited",
            "ddos_protection_plan_id": null,
            "domain_name_label": null,
            "edge_zone": "",
            "fqdn": null,
            "id": "/subscriptions/dfbc44eb-f4ee-4bb1-952a-f94f1edcd71d/resourceGroups/n01498358-assignment1-RG/providers/Microsoft.Network/publicIPAddresses/sahil-linux-vm1-public-ip",
            "idle_timeout_in_minutes": 4,
            "ip_address": "172.174.64.184",
            "ip_tags": {},
            "ip_version": "IPv4",
            "location": "eastus",
            "name": "sahil-linux-vm1-public-ip",
            "public_ip_prefix_id": null,
            "resource_group_name": "n01498358-assignment1-RG",
            "reverse_fqdn": null,
            "sku": "Basic",
            "sku_tier": "Regional",
            "tags": {
              "Environment": "Lab",
              "ExpirationDate": "2023-06-30",
              "Name": "sahil.solanki",
              "Project": "Automation Project – Assignment 1"
            },
            "timeouts": null,
            "zones": []
          },
          "sensitive_attributes": [],
          "private": "eyJlMmJmYjczMC1lY2FhLTExZTYtOGY4OC0zNDM2M2JjN2M0YzAiOnsiY3JlYXRlIjoxODAwMDAwMDAwMDAwLCJkZWxldGUiOjE4MDAwMDAwMDAwMDAsInJlYWQiOjMwMDAwMDAwMDAwMCwidXBkYXRlIjoxODAwMDAwMDAwMDAwfX0=",
          "dependencies": [
            "module.rgroup.azurerm_resource_group.rgroup"
          ]
        }
      ]
    },
    {
      "module": "module.vmlinux",
      "mode": "managed",
      "type": "azurerm_public_ip",
      "name": "public_ip2",
      "provider": "provider[\"registry.terraform.io/hashicorp/azurerm\"]",
      "instances": [
        {
          "schema_version": 0,
          "attributes": {
            "allocation_method": "Dynamic",
            "ddos_protection_mode": "VirtualNetworkInherited",
            "ddos_protection_plan_id": null,
            "domain_name_label": null,
            "edge_zone": "",
            "fqdn": null,
            "id": "/subscriptions/dfbc44eb-f4ee-4bb1-952a-f94f1edcd71d/resourceGroups/n01498358-assignment1-RG/providers/Microsoft.Network/publicIPAddresses/sahil-linux-vm1-2-public-ip",
            "idle_timeout_in_minutes": 4,
            "ip_address": "20.120.0.82",
            "ip_tags": {},
            "ip_version": "IPv4",
            "location": "eastus",
            "name": "sahil-linux-vm1-2-public-ip",
            "public_ip_prefix_id": null,
            "resource_group_name": "n01498358-assignment1-RG",
            "reverse_fqdn": null,
            "sku": "Basic",
            "sku_tier": "Regional",
            "tags": {
              "Environment": "Lab",
              "ExpirationDate": "2023-06-30",
              "Name": "sahil.solanki",
              "Project": "Automation Project – Assignment 1"
            },
            "timeouts": null,
            "zones": []
          },
          "sensitive_attributes": [],
          "private": "eyJlMmJmYjczMC1lY2FhLTExZTYtOGY4OC0zNDM2M2JjN2M0YzAiOnsiY3JlYXRlIjoxODAwMDAwMDAwMDAwLCJkZWxldGUiOjE4MDAwMDAwMDAwMDAsInJlYWQiOjMwMDAwMDAwMDAwMCwidXBkYXRlIjoxODAwMDAwMDAwMDAwfX0=",
          "dependencies": [
            "module.rgroup.azurerm_resource_group.rgroup"
          ]
        }
      ]
    },
    {
      "module": "module.vmlinux",
      "mode": "managed",
      "type": "null_resource",
      "name": "provisioner",
      "provider": "provider[\"registry.terraform.io/hashicorp/null\"]",
      "instances": [
        {
          "schema_version": 0,
          "attributes": {
            "id": "4002524005579052543",
            "triggers": null
          },
          "sensitive_attributes": [],
          "dependencies": [
            "module.network.azurerm_subnet.subnet-1",
            "module.network.azurerm_virtual_network.network",
            "module.rgroup.azurerm_resource_group.rgroup",
            "module.vmlinux.azurerm_availability_set.avail_set",
            "module.vmlinux.azurerm_linux_virtual_machine.vm",
            "module.vmlinux.azurerm_network_interface.nic",
            "module.vmlinux.azurerm_public_ip.public_ip"
          ]
        }
      ]
    },
    {
      "module": "module.vmlinux",
      "mode": "managed",
      "type": "null_resource",
      "name": "provisioner2",
      "provider": "provider[\"registry.terraform.io/hashicorp/null\"]",
      "instances": [
        {
          "schema_version": 0,
          "attributes": {
            "id": "3094989388756600081",
            "triggers": null
          },
          "sensitive_attributes": [],
          "dependencies": [
            "module.network.azurerm_subnet.subnet-1",
            "module.network.azurerm_virtual_network.network",
            "module.rgroup.azurerm_resource_group.rgroup",
            "module.vmlinux.azurerm_availability_set.avail_set",
            "module.vmlinux.azurerm_linux_virtual_machine.vm2",
            "module.vmlinux.azurerm_network_interface.nic2",
            "module.vmlinux.azurerm_public_ip.public_ip2"
          ]
        }
      ]
    },
    {
      "module": "module.vmwindows",
      "mode": "managed",
      "type": "azurerm_availability_set",
      "name": "windows-avs",
      "provider": "provider[\"registry.terraform.io/hashicorp/azurerm\"]",
      "instances": [
        {
          "schema_version": 0,
          "attributes": {
            "id": "/subscriptions/dfbc44eb-f4ee-4bb1-952a-f94f1edcd71d/resourceGroups/n01498358-assignment1-RG/providers/Microsoft.Compute/availabilitySets/windows_avs",
            "location": "eastus",
            "managed": true,
            "name": "windows_avs",
            "platform_fault_domain_count": 2,
            "platform_update_domain_count": 5,
            "proximity_placement_group_id": null,
            "resource_group_name": "n01498358-assignment1-RG",
            "tags": {},
            "timeouts": null
          },
          "sensitive_attributes": [],
          "private": "eyJlMmJmYjczMC1lY2FhLTExZTYtOGY4OC0zNDM2M2JjN2M0YzAiOnsiY3JlYXRlIjoxODAwMDAwMDAwMDAwLCJkZWxldGUiOjE4MDAwMDAwMDAwMDAsInJlYWQiOjMwMDAwMDAwMDAwMCwidXBkYXRlIjoxODAwMDAwMDAwMDAwfX0=",
          "dependencies": [
            "module.network.azurerm_network_security_group.nsg-1",
            "module.network.azurerm_subnet.subnet-1",
            "module.network.azurerm_virtual_network.network",
            "module.rgroup.azurerm_resource_group.rgroup"
          ]
        }
      ]
    },
    {
      "module": "module.vmwindows",
      "mode": "managed",
      "type": "azurerm_network_interface",
      "name": "windows-nic",
      "provider": "provider[\"registry.terraform.io/hashicorp/azurerm\"]",
      "instances": [
        {
          "schema_version": 0,
          "attributes": {
            "applied_dns_servers": [],
            "dns_servers": [],
            "edge_zone": "",
            "enable_accelerated_networking": false,
            "enable_ip_forwarding": false,
            "id": "/subscriptions/dfbc44eb-f4ee-4bb1-952a-f94f1edcd71d/resourceGroups/n01498358-assignment1-RG/providers/Microsoft.Network/networkInterfaces/sahil-win-nic",
            "internal_dns_name_label": "",
            "internal_domain_name_suffix": "ogqurd3fri0e1orgmuanckz4xc.bx.internal.cloudapp.net",
            "ip_configuration": [
              {
                "gateway_load_balancer_frontend_ip_configuration_id": "",
                "name": "sahil-win-ipconfig",
                "primary": true,
                "private_ip_address": "10.0.1.6",
                "private_ip_address_allocation": "Dynamic",
                "private_ip_address_version": "IPv4",
                "public_ip_address_id": "/subscriptions/dfbc44eb-f4ee-4bb1-952a-f94f1edcd71d/resourceGroups/n01498358-assignment1-RG/providers/Microsoft.Network/publicIPAddresses/sahil-win-pip",
                "subnet_id": "/subscriptions/dfbc44eb-f4ee-4bb1-952a-f94f1edcd71d/resourceGroups/n01498358-assignment1-RG/providers/Microsoft.Network/virtualNetworks/sahil_vnet_name/subnets/sahil_subnet_name"
              }
            ],
            "location": "eastus",
            "mac_address": "00-0D-3A-1B-4F-E3",
            "name": "sahil-win-nic",
            "private_ip_address": "10.0.1.6",
            "private_ip_addresses": [
              "10.0.1.6"
            ],
            "resource_group_name": "n01498358-assignment1-RG",
            "tags": {
              "Environment": "Lab",
              "ExpirationDate": "2023-06-30",
              "Name": "sahil.solanki",
              "Project": "Automation Project – Assignment 1"
            },
            "timeouts": null,
            "virtual_machine_id": "/subscriptions/dfbc44eb-f4ee-4bb1-952a-f94f1edcd71d/resourceGroups/n01498358-assignment1-RG/providers/Microsoft.Compute/virtualMachines/sahil-win-vm"
          },
          "sensitive_attributes": [],
          "private": "eyJlMmJmYjczMC1lY2FhLTExZTYtOGY4OC0zNDM2M2JjN2M0YzAiOnsiY3JlYXRlIjoxODAwMDAwMDAwMDAwLCJkZWxldGUiOjE4MDAwMDAwMDAwMDAsInJlYWQiOjMwMDAwMDAwMDAwMCwidXBkYXRlIjoxODAwMDAwMDAwMDAwfX0=",
          "dependencies": [
            "module.network.azurerm_network_security_group.nsg-1",
            "module.network.azurerm_subnet.subnet-1",
            "module.network.azurerm_virtual_network.network",
            "module.rgroup.azurerm_resource_group.rgroup",
            "module.vmwindows.azurerm_public_ip.windows-pip"
          ]
        }
      ]
    },
    {
      "module": "module.vmwindows",
      "mode": "managed",
      "type": "azurerm_public_ip",
      "name": "windows-pip",
      "provider": "provider[\"registry.terraform.io/hashicorp/azurerm\"]",
      "instances": [
        {
          "schema_version": 0,
          "attributes": {
            "allocation_method": "Static",
            "ddos_protection_mode": "VirtualNetworkInherited",
            "ddos_protection_plan_id": null,
            "domain_name_label": "sahil-win-dns",
            "edge_zone": "",
            "fqdn": "sahil-win-dns.eastus.cloudapp.azure.com",
            "id": "/subscriptions/dfbc44eb-f4ee-4bb1-952a-f94f1edcd71d/resourceGroups/n01498358-assignment1-RG/providers/Microsoft.Network/publicIPAddresses/sahil-win-pip",
            "idle_timeout_in_minutes": 4,
            "ip_address": "20.169.190.134",
            "ip_tags": {},
            "ip_version": "IPv4",
            "location": "eastus",
            "name": "sahil-win-pip",
            "public_ip_prefix_id": null,
            "resource_group_name": "n01498358-assignment1-RG",
            "reverse_fqdn": "",
            "sku": "Basic",
            "sku_tier": "Regional",
            "tags": {
              "Environment": "Lab",
              "ExpirationDate": "2023-06-30",
              "Name": "sahil.solanki",
              "Project": "Automation Project – Assignment 1"
            },
            "timeouts": null,
            "zones": []
          },
          "sensitive_attributes": [],
          "private": "eyJlMmJmYjczMC1lY2FhLTExZTYtOGY4OC0zNDM2M2JjN2M0YzAiOnsiY3JlYXRlIjoxODAwMDAwMDAwMDAwLCJkZWxldGUiOjE4MDAwMDAwMDAwMDAsInJlYWQiOjMwMDAwMDAwMDAwMCwidXBkYXRlIjoxODAwMDAwMDAwMDAwfX0=",
          "dependencies": [
            "module.network.azurerm_network_security_group.nsg-1",
            "module.network.azurerm_subnet.subnet-1",
            "module.network.azurerm_virtual_network.network",
            "module.rgroup.azurerm_resource_group.rgroup"
          ]
        }
      ]
    },
    {
      "module": "module.vmwindows",
      "mode": "managed",
      "type": "azurerm_virtual_machine_extension",
      "name": "windows-vmexe",
      "provider": "provider[\"registry.terraform.io/hashicorp/azurerm\"]",
      "instances": [
        {
          "schema_version": 0,
          "attributes": {
            "auto_upgrade_minor_version": false,
            "automatic_upgrade_enabled": false,
            "failure_suppression_enabled": false,
            "id": "/subscriptions/dfbc44eb-f4ee-4bb1-952a-f94f1edcd71d/resourceGroups/n01498358-assignment1-RG/providers/Microsoft.Compute/virtualMachines/sahil-win-vm/extensions/sahil-win-vmexe",
            "name": "sahil-win-vmexe",
            "protected_settings": null,
            "protected_settings_from_key_vault": [],
            "publisher": "Microsoft.Azure.Security.AntimalwareSignature",
            "settings": null,
            "tags": {
              "Environment": "Lab",
              "ExpirationDate": "2023-06-30",
              "Name": "sahil.solanki",
              "Project": "Automation Project – Assignment 1"
            },
            "timeouts": null,
            "type": "AntimalwareConfiguration",
            "type_handler_version": "2.58",
            "virtual_machine_id": "/subscriptions/dfbc44eb-f4ee-4bb1-952a-f94f1edcd71d/resourceGroups/n01498358-assignment1-RG/providers/Microsoft.Compute/virtualMachines/sahil-win-vm"
          },
          "sensitive_attributes": [],
          "private": "eyJlMmJmYjczMC1lY2FhLTExZTYtOGY4OC0zNDM2M2JjN2M0YzAiOnsiY3JlYXRlIjoxODAwMDAwMDAwMDAwLCJkZWxldGUiOjE4MDAwMDAwMDAwMDAsInJlYWQiOjMwMDAwMDAwMDAwMCwidXBkYXRlIjoxODAwMDAwMDAwMDAwfX0=",
          "dependencies": [
            "module.network.azurerm_network_security_group.nsg-1",
            "module.network.azurerm_subnet.subnet-1",
            "module.network.azurerm_virtual_network.network",
            "module.rgroup.azurerm_resource_group.rgroup",
            "module.vmwindows.azurerm_availability_set.windows-avs",
            "module.vmwindows.azurerm_network_interface.windows-nic",
            "module.vmwindows.azurerm_public_ip.windows-pip",
            "module.vmwindows.azurerm_windows_virtual_machine.windows-vm"
          ]
        }
      ]
    },
    {
      "module": "module.vmwindows",
      "mode": "managed",
      "type": "azurerm_windows_virtual_machine",
      "name": "windows-vm",
      "provider": "provider[\"registry.terraform.io/hashicorp/azurerm\"]",
      "instances": [
        {
          "schema_version": 0,
          "attributes": {
            "additional_capabilities": [],
            "additional_unattend_content": [],
            "admin_password": "Sahil!123",
            "admin_username": "n01498358",
            "allow_extension_operations": true,
            "availability_set_id": "/subscriptions/dfbc44eb-f4ee-4bb1-952a-f94f1edcd71d/resourceGroups/n01498358-assignment1-RG/providers/Microsoft.Compute/availabilitySets/WINDOWS_AVS",
            "boot_diagnostics": [
              {
                "storage_account_uri": "https://n01498358storage.blob.core.windows.net/"
              }
            ],
            "capacity_reservation_group_id": "",
            "computer_name": "sahil-win",
            "custom_data": null,
            "dedicated_host_group_id": "",
            "dedicated_host_id": "",
            "edge_zone": "",
            "enable_automatic_updates": true,
            "encryption_at_host_enabled": false,
            "eviction_policy": "",
            "extensions_time_budget": "PT1H30M",
            "gallery_application": [],
            "hotpatching_enabled": false,
            "id": "/subscriptions/dfbc44eb-f4ee-4bb1-952a-f94f1edcd71d/resourceGroups/n01498358-assignment1-RG/providers/Microsoft.Compute/virtualMachines/sahil-win-vm",
            "identity": [],
            "license_type": "",
            "location": "eastus",
            "max_bid_price": -1,
            "name": "sahil-win-vm",
            "network_interface_ids": [
              "/subscriptions/dfbc44eb-f4ee-4bb1-952a-f94f1edcd71d/resourceGroups/n01498358-assignment1-RG/providers/Microsoft.Network/networkInterfaces/sahil-win-nic"
            ],
            "os_disk": [
              {
                "caching": "ReadWrite",
                "diff_disk_settings": [],
                "disk_encryption_set_id": "",
                "disk_size_gb": 128,
                "name": "sahil-win-os-disk",
                "secure_vm_disk_encryption_set_id": "",
                "security_encryption_type": "",
                "storage_account_type": "StandardSSD_LRS",
                "write_accelerator_enabled": false
              }
            ],
            "patch_assessment_mode": "ImageDefault",
            "patch_mode": "AutomaticByOS",
            "plan": [],
            "platform_fault_domain": -1,
            "priority": "Regular",
            "private_ip_address": "10.0.1.6",
            "private_ip_addresses": [
              "10.0.1.6"
            ],
            "provision_vm_agent": true,
            "proximity_placement_group_id": "",
            "public_ip_address": "20.169.190.134",
            "public_ip_addresses": [
              "20.169.190.134"
            ],
            "resource_group_name": "n01498358-assignment1-RG",
            "secret": [],
            "secure_boot_enabled": false,
            "size": "Standard_B1ms",
            "source_image_id": "",
            "source_image_reference": [
              {
                "offer": "WindowsServer",
                "publisher": "MicrosoftWindowsServer",
                "sku": "2016-Datacenter",
                "version": "latest"
              }
            ],
            "tags": {
              "Environment": "Lab",
              "ExpirationDate": "2023-06-30",
              "Name": "sahil.solanki",
              "Project": "Automation Project – Assignment 1"
            },
            "termination_notification": [],
            "timeouts": null,
            "timezone": "",
            "user_data": "",
            "virtual_machine_id": "1c4f3ffe-754a-46d5-b578-74c9ce240c0f",
            "virtual_machine_scale_set_id": "",
            "vtpm_enabled": false,
            "winrm_listener": [
              {
                "certificate_url": "",
                "protocol": "Http"
              }
            ],
            "zone": ""
          },
          "sensitive_attributes": [],
          "private": "eyJlMmJmYjczMC1lY2FhLTExZTYtOGY4OC0zNDM2M2JjN2M0YzAiOnsiY3JlYXRlIjoyNzAwMDAwMDAwMDAwLCJkZWxldGUiOjI3MDAwMDAwMDAwMDAsInJlYWQiOjMwMDAwMDAwMDAwMCwidXBkYXRlIjoyNzAwMDAwMDAwMDAwfX0=",
          "dependencies": [
            "module.network.azurerm_network_security_group.nsg-1",
            "module.network.azurerm_subnet.subnet-1",
            "module.network.azurerm_virtual_network.network",
            "module.rgroup.azurerm_resource_group.rgroup",
            "module.vmwindows.azurerm_availability_set.windows-avs",
            "module.vmwindows.azurerm_network_interface.windows-nic",
            "module.vmwindows.azurerm_public_ip.windows-pip"
          ]
        }
      ]
    }
  ],
  "check_results": null
}
